
Microsoft Visual Studio Solution File, Format Version 12.00
# Visual Studio Version 17
VisualStudioVersion = 17.3.32922.545
MinimumVisualStudioVersion = 10.0.40219.1
Project("{FAE04EC0-301F-11D3-BF4B-00C04F79EFBC}") = "PoleCalculator", "PoleCalculator\PoleCalculator.csproj", "{45744746-E083-45F1-B559-101E7F145ADB}"
EndProject
Global
	GlobalSection(SolutionConfigurationPlatforms) = preSolution
		Debug|Any CPU = Debug|Any CPU
		Release|Any CPU = Release|Any CPU
	EndGlobalSection
	GlobalSection(ProjectConfigurationPlatforms) = postSolution
		{45744746-E083-45F1-B559-101E7F145ADB}.Debug|Any CPU.ActiveCfg = Debug|Any CPU
		{45744746-E083-45F1-B559-101E7F145ADB}.Debug|Any CPU.Build.0 = Debug|Any CPU
		{45744746-E083-45F1-B559-101E7F145ADB}.Release|Any CPU.ActiveCfg = Release|Any CPU
		{45744746-E083-45F1-B559-101E7F145ADB}.Release|Any CPU.Build.0 = Release|Any CPU
	EndGlobalSection
	GlobalSection(SolutionProperties) = preSolution
		HideSolutionNode = FALSE
	EndGlobalSection
	GlobalSection(ExtensibilityGlobals) = postSolution
		SolutionGuid = {C51A8F25-ED99-4D8B-A3BE-79D0BF477393}
	EndGlobalSection
EndGlobal
